
Microsoft Visual Studio Solution File, Format Version 12.00
# Visual Studio Version 17
VisualStudioVersion = 17.2.32630.192
MinimumVisualStudioVersion = 10.0.40219.1
Project("{9A19103F-16F7-4668-BE54-9A1E7A4F7556}") = "RealtimeSearch", "RealtimeSearch\RealtimeSearch.csproj", "{488DD86A-CA8C-4CEC-9FB1-ECD8CD77EFED}"
EndProject
Project("{2150E333-8FDC-42A3-9474-1A3956D46DE8}") = "Solution Items", "Solution Items", "{B8DBFF8D-3CC0-46A5-BF85-191DC09AF068}"
	ProjectSection(SolutionItems) = preProject
		.editorconfig = .editorconfig
		LICENSE.md = LICENSE.md
		README.md = README.md
		THIRDPARTY_LICENSES.md = THIRDPARTY_LICENSES.md
	EndProjectSection
EndProject
Project("{9A19103F-16F7-4668-BE54-9A1E7A4F7556}") = "NeeLaboratory.IO.Search", "NeeLaboratory.IO.Search\NeeLaboratory.IO.Search\NeeLaboratory.IO.Search.csproj", "{F8053574-48A7-4D8D-A55E-63C26D01E519}"
EndProject
Project("{9A19103F-16F7-4668-BE54-9A1E7A4F7556}") = "RealtimeSearchUnitTest", "RealtimeSratchUnitTest\RealtimeSearchUnitTest.csproj", "{52C6CFB9-F94E-4533-A46B-DA6AAB51C8A1}"
EndProject
Project("{C7167F0D-BC9F-4E6E-AFE1-012C56B48DB5}") = "RealtimeSearchPackage", "RealtimeSearchPackage\RealtimeSearchPackage.wapproj", "{E7B4AAAF-BC2D-445F-A13E-9F5358F192EE}"
EndProject
Project("{9A19103F-16F7-4668-BE54-9A1E7A4F7556}") = "NeeLaboratory.IO.Search.Test", "NeeLaboratory.IO.Search\NeeLaboratory.IO.Search.Test\NeeLaboratory.IO.Search.Test.csproj", "{DC0C6003-3C50-4D80-A123-FA6DE3423094}"
EndProject
Project("{9A19103F-16F7-4668-BE54-9A1E7A4F7556}") = "NeeLaboratory.SourceGenerator", "NeeLaboratory\NeeLaboratory.SourceGenerator\NeeLaboratory.SourceGenerator.csproj", "{B75C51FF-79FB-4E47-B80C-FD88EE4824F0}"
EndProject
Project("{9A19103F-16F7-4668-BE54-9A1E7A4F7556}") = "NeeLaboratory.Runtime", "NeeLaboratory\NeeLaboratory.Runtime\NeeLaboratory.Runtime.csproj", "{360BA5D9-B8E7-4379-8CEF-A5ACB3218B60}"
EndProject
Project("{2150E333-8FDC-42A3-9474-1A3956D46DE8}") = "Test Projects", "Test Projects", "{00F65A8B-9BDA-4E4A-8695-7351C01C0485}"
EndProject
Project("{9A19103F-16F7-4668-BE54-9A1E7A4F7556}") = "NeeLaboratory.IO.Search.Files", "NeeLaboratory.IO.Search.Files\NeeLaboratory.IO.Search.Files.csproj", "{511ADE4D-DE82-40C9-9679-AEF3779C95D7}"
EndProject
Project("{9A19103F-16F7-4668-BE54-9A1E7A4F7556}") = "NeeLaboratory.Windows", "NeeLaboratory\NeeLaboratory.Windows\NeeLaboratory.Windows.csproj", "{779BA809-C07F-4591-8450-C7EB77137874}"
EndProject
Project("{FAE04EC0-301F-11D3-BF4B-00C04F79EFBC}") = "RealtimeSearch.Models", "RealtimeSearch.Models\RealtimeSearch.Models.csproj", "{A6E92A9C-4482-498E-BFE0-642DB4D3B7D9}"
EndProject
Global
	GlobalSection(SolutionConfigurationPlatforms) = preSolution
		Debug|Any CPU = Debug|Any CPU
		Debug|ARM = Debug|ARM
		Debug|ARM64 = Debug|ARM64
		Debug|x64 = Debug|x64
		Debug|x86 = Debug|x86
		Release|Any CPU = Release|Any CPU
		Release|ARM = Release|ARM
		Release|ARM64 = Release|ARM64
		Release|x64 = Release|x64
		Release|x86 = Release|x86
	EndGlobalSection
	GlobalSection(ProjectConfigurationPlatforms) = postSolution
		{488DD86A-CA8C-4CEC-9FB1-ECD8CD77EFED}.Debug|Any CPU.ActiveCfg = Debug|Any CPU
		{488DD86A-CA8C-4CEC-9FB1-ECD8CD77EFED}.Debug|Any CPU.Build.0 = Debug|Any CPU
		{488DD86A-CA8C-4CEC-9FB1-ECD8CD77EFED}.Debug|ARM.ActiveCfg = Debug|Any CPU
		{488DD86A-CA8C-4CEC-9FB1-ECD8CD77EFED}.Debug|ARM.Build.0 = Debug|Any CPU
		{488DD86A-CA8C-4CEC-9FB1-ECD8CD77EFED}.Debug|ARM64.ActiveCfg = Debug|Any CPU
		{488DD86A-CA8C-4CEC-9FB1-ECD8CD77EFED}.Debug|ARM64.Build.0 = Debug|Any CPU
		{488DD86A-CA8C-4CEC-9FB1-ECD8CD77EFED}.Debug|x64.ActiveCfg = Debug|Any CPU
		{488DD86A-CA8C-4CEC-9FB1-ECD8CD77EFED}.Debug|x64.Build.0 = Debug|Any CPU
		{488DD86A-CA8C-4CEC-9FB1-ECD8CD77EFED}.Debug|x86.ActiveCfg = Debug|Any CPU
		{488DD86A-CA8C-4CEC-9FB1-ECD8CD77EFED}.Debug|x86.Build.0 = Debug|Any CPU
		{488DD86A-CA8C-4CEC-9FB1-ECD8CD77EFED}.Release|Any CPU.ActiveCfg = Release|Any CPU
		{488DD86A-CA8C-4CEC-9FB1-ECD8CD77EFED}.Release|Any CPU.Build.0 = Release|Any CPU
		{488DD86A-CA8C-4CEC-9FB1-ECD8CD77EFED}.Release|ARM.ActiveCfg = Release|Any CPU
		{488DD86A-CA8C-4CEC-9FB1-ECD8CD77EFED}.Release|ARM.Build.0 = Release|Any CPU
		{488DD86A-CA8C-4CEC-9FB1-ECD8CD77EFED}.Release|ARM64.ActiveCfg = Release|Any CPU
		{488DD86A-CA8C-4CEC-9FB1-ECD8CD77EFED}.Release|ARM64.Build.0 = Release|Any CPU
		{488DD86A-CA8C-4CEC-9FB1-ECD8CD77EFED}.Release|x64.ActiveCfg = Release|Any CPU
		{488DD86A-CA8C-4CEC-9FB1-ECD8CD77EFED}.Release|x64.Build.0 = Release|Any CPU
		{488DD86A-CA8C-4CEC-9FB1-ECD8CD77EFED}.Release|x86.ActiveCfg = Release|Any CPU
		{488DD86A-CA8C-4CEC-9FB1-ECD8CD77EFED}.Release|x86.Build.0 = Release|Any CPU
		{F8053574-48A7-4D8D-A55E-63C26D01E519}.Debug|Any CPU.ActiveCfg = Debug|Any CPU
		{F8053574-48A7-4D8D-A55E-63C26D01E519}.Debug|Any CPU.Build.0 = Debug|Any CPU
		{F8053574-48A7-4D8D-A55E-63C26D01E519}.Debug|ARM.ActiveCfg = Debug|Any CPU
		{F8053574-48A7-4D8D-A55E-63C26D01E519}.Debug|ARM.Build.0 = Debug|Any CPU
		{F8053574-48A7-4D8D-A55E-63C26D01E519}.Debug|ARM64.ActiveCfg = Debug|Any CPU
		{F8053574-48A7-4D8D-A55E-63C26D01E519}.Debug|ARM64.Build.0 = Debug|Any CPU
		{F8053574-48A7-4D8D-A55E-63C26D01E519}.Debug|x64.ActiveCfg = Debug|Any CPU
		{F8053574-48A7-4D8D-A55E-63C26D01E519}.Debug|x64.Build.0 = Debug|Any CPU
		{F8053574-48A7-4D8D-A55E-63C26D01E519}.Debug|x86.ActiveCfg = Debug|Any CPU
		{F8053574-48A7-4D8D-A55E-63C26D01E519}.Debug|x86.Build.0 = Debug|Any CPU
		{F8053574-48A7-4D8D-A55E-63C26D01E519}.Release|Any CPU.ActiveCfg = Release|Any CPU
		{F8053574-48A7-4D8D-A55E-63C26D01E519}.Release|Any CPU.Build.0 = Release|Any CPU
		{F8053574-48A7-4D8D-A55E-63C26D01E519}.Release|ARM.ActiveCfg = Release|Any CPU
		{F8053574-48A7-4D8D-A55E-63C26D01E519}.Release|ARM.Build.0 = Release|Any CPU
		{F8053574-48A7-4D8D-A55E-63C26D01E519}.Release|ARM64.ActiveCfg = Release|Any CPU
		{F8053574-48A7-4D8D-A55E-63C26D01E519}.Release|ARM64.Build.0 = Release|Any CPU
		{F8053574-48A7-4D8D-A55E-63C26D01E519}.Release|x64.ActiveCfg = Release|Any CPU
		{F8053574-48A7-4D8D-A55E-63C26D01E519}.Release|x64.Build.0 = Release|Any CPU
		{F8053574-48A7-4D8D-A55E-63C26D01E519}.Release|x86.ActiveCfg = Release|Any CPU
		{F8053574-48A7-4D8D-A55E-63C26D01E519}.Release|x86.Build.0 = Release|Any CPU
		{52C6CFB9-F94E-4533-A46B-DA6AAB51C8A1}.Debug|Any CPU.ActiveCfg = Debug|Any CPU
		{52C6CFB9-F94E-4533-A46B-DA6AAB51C8A1}.Debug|Any CPU.Build.0 = Debug|Any CPU
		{52C6CFB9-F94E-4533-A46B-DA6AAB51C8A1}.Debug|ARM.ActiveCfg = Debug|Any CPU
		{52C6CFB9-F94E-4533-A46B-DA6AAB51C8A1}.Debug|ARM.Build.0 = Debug|Any CPU
		{52C6CFB9-F94E-4533-A46B-DA6AAB51C8A1}.Debug|ARM64.ActiveCfg = Debug|Any CPU
		{52C6CFB9-F94E-4533-A46B-DA6AAB51C8A1}.Debug|ARM64.Build.0 = Debug|Any CPU
		{52C6CFB9-F94E-4533-A46B-DA6AAB51C8A1}.Debug|x64.ActiveCfg = Debug|Any CPU
		{52C6CFB9-F94E-4533-A46B-DA6AAB51C8A1}.Debug|x64.Build.0 = Debug|Any CPU
		{52C6CFB9-F94E-4533-A46B-DA6AAB51C8A1}.Debug|x86.ActiveCfg = Debug|Any CPU
		{52C6CFB9-F94E-4533-A46B-DA6AAB51C8A1}.Debug|x86.Build.0 = Debug|Any CPU
		{52C6CFB9-F94E-4533-A46B-DA6AAB51C8A1}.Release|Any CPU.ActiveCfg = Release|Any CPU
		{52C6CFB9-F94E-4533-A46B-DA6AAB51C8A1}.Release|Any CPU.Build.0 = Release|Any CPU
		{52C6CFB9-F94E-4533-A46B-DA6AAB51C8A1}.Release|ARM.ActiveCfg = Release|Any CPU
		{52C6CFB9-F94E-4533-A46B-DA6AAB51C8A1}.Release|ARM.Build.0 = Release|Any CPU
		{52C6CFB9-F94E-4533-A46B-DA6AAB51C8A1}.Release|ARM64.ActiveCfg = Release|Any CPU
		{52C6CFB9-F94E-4533-A46B-DA6AAB51C8A1}.Release|ARM64.Build.0 = Release|Any CPU
		{52C6CFB9-F94E-4533-A46B-DA6AAB51C8A1}.Release|x64.ActiveCfg = Release|Any CPU
		{52C6CFB9-F94E-4533-A46B-DA6AAB51C8A1}.Release|x64.Build.0 = Release|Any CPU
		{52C6CFB9-F94E-4533-A46B-DA6AAB51C8A1}.Release|x86.ActiveCfg = Release|Any CPU
		{52C6CFB9-F94E-4533-A46B-DA6AAB51C8A1}.Release|x86.Build.0 = Release|Any CPU
		{E7B4AAAF-BC2D-445F-A13E-9F5358F192EE}.Debug|Any CPU.ActiveCfg = Debug|Any CPU
		{E7B4AAAF-BC2D-445F-A13E-9F5358F192EE}.Debug|Any CPU.Build.0 = Debug|Any CPU
		{E7B4AAAF-BC2D-445F-A13E-9F5358F192EE}.Debug|Any CPU.Deploy.0 = Debug|Any CPU
		{E7B4AAAF-BC2D-445F-A13E-9F5358F192EE}.Debug|ARM.ActiveCfg = Debug|ARM
		{E7B4AAAF-BC2D-445F-A13E-9F5358F192EE}.Debug|ARM.Build.0 = Debug|ARM
		{E7B4AAAF-BC2D-445F-A13E-9F5358F192EE}.Debug|ARM.Deploy.0 = Debug|ARM
		{E7B4AAAF-BC2D-445F-A13E-9F5358F192EE}.Debug|ARM64.ActiveCfg = Debug|ARM64
		{E7B4AAAF-BC2D-445F-A13E-9F5358F192EE}.Debug|ARM64.Build.0 = Debug|ARM64
		{E7B4AAAF-BC2D-445F-A13E-9F5358F192EE}.Debug|ARM64.Deploy.0 = Debug|ARM64
		{E7B4AAAF-BC2D-445F-A13E-9F5358F192EE}.Debug|x64.ActiveCfg = Debug|x64
		{E7B4AAAF-BC2D-445F-A13E-9F5358F192EE}.Debug|x64.Build.0 = Debug|x64
		{E7B4AAAF-BC2D-445F-A13E-9F5358F192EE}.Debug|x64.Deploy.0 = Debug|x64
		{E7B4AAAF-BC2D-445F-A13E-9F5358F192EE}.Debug|x86.ActiveCfg = Debug|x86
		{E7B4AAAF-BC2D-445F-A13E-9F5358F192EE}.Debug|x86.Build.0 = Debug|x86
		{E7B4AAAF-BC2D-445F-A13E-9F5358F192EE}.Debug|x86.Deploy.0 = Debug|x86
		{E7B4AAAF-BC2D-445F-A13E-9F5358F192EE}.Release|Any CPU.ActiveCfg = Release|Any CPU
		{E7B4AAAF-BC2D-445F-A13E-9F5358F192EE}.Release|Any CPU.Build.0 = Release|Any CPU
		{E7B4AAAF-BC2D-445F-A13E-9F5358F192EE}.Release|Any CPU.Deploy.0 = Release|Any CPU
		{E7B4AAAF-BC2D-445F-A13E-9F5358F192EE}.Release|ARM.ActiveCfg = Release|ARM
		{E7B4AAAF-BC2D-445F-A13E-9F5358F192EE}.Release|ARM.Build.0 = Release|ARM
		{E7B4AAAF-BC2D-445F-A13E-9F5358F192EE}.Release|ARM.Deploy.0 = Release|ARM
		{E7B4AAAF-BC2D-445F-A13E-9F5358F192EE}.Release|ARM64.ActiveCfg = Release|ARM64
		{E7B4AAAF-BC2D-445F-A13E-9F5358F192EE}.Release|ARM64.Build.0 = Release|ARM64
		{E7B4AAAF-BC2D-445F-A13E-9F5358F192EE}.Release|ARM64.Deploy.0 = Release|ARM64
		{E7B4AAAF-BC2D-445F-A13E-9F5358F192EE}.Release|x64.ActiveCfg = Release|x64
		{E7B4AAAF-BC2D-445F-A13E-9F5358F192EE}.Release|x64.Build.0 = Release|x64
		{E7B4AAAF-BC2D-445F-A13E-9F5358F192EE}.Release|x64.Deploy.0 = Release|x64
		{E7B4AAAF-BC2D-445F-A13E-9F5358F192EE}.Release|x86.ActiveCfg = Release|x86
		{E7B4AAAF-BC2D-445F-A13E-9F5358F192EE}.Release|x86.Build.0 = Release|x86
		{E7B4AAAF-BC2D-445F-A13E-9F5358F192EE}.Release|x86.Deploy.0 = Release|x86
		{DC0C6003-3C50-4D80-A123-FA6DE3423094}.Debug|Any CPU.ActiveCfg = Debug|Any CPU
		{DC0C6003-3C50-4D80-A123-FA6DE3423094}.Debug|Any CPU.Build.0 = Debug|Any CPU
		{DC0C6003-3C50-4D80-A123-FA6DE3423094}.Debug|ARM.ActiveCfg = Debug|Any CPU
		{DC0C6003-3C50-4D80-A123-FA6DE3423094}.Debug|ARM.Build.0 = Debug|Any CPU
		{DC0C6003-3C50-4D80-A123-FA6DE3423094}.Debug|ARM64.ActiveCfg = Debug|Any CPU
		{DC0C6003-3C50-4D80-A123-FA6DE3423094}.Debug|ARM64.Build.0 = Debug|Any CPU
		{DC0C6003-3C50-4D80-A123-FA6DE3423094}.Debug|x64.ActiveCfg = Debug|Any CPU
		{DC0C6003-3C50-4D80-A123-FA6DE3423094}.Debug|x64.Build.0 = Debug|Any CPU
		{DC0C6003-3C50-4D80-A123-FA6DE3423094}.Debug|x86.ActiveCfg = Debug|Any CPU
		{DC0C6003-3C50-4D80-A123-FA6DE3423094}.Debug|x86.Build.0 = Debug|Any CPU
		{DC0C6003-3C50-4D80-A123-FA6DE3423094}.Release|Any CPU.ActiveCfg = Release|Any CPU
		{DC0C6003-3C50-4D80-A123-FA6DE3423094}.Release|Any CPU.Build.0 = Release|Any CPU
		{DC0C6003-3C50-4D80-A123-FA6DE3423094}.Release|ARM.ActiveCfg = Release|Any CPU
		{DC0C6003-3C50-4D80-A123-FA6DE3423094}.Release|ARM.Build.0 = Release|Any CPU
		{DC0C6003-3C50-4D80-A123-FA6DE3423094}.Release|ARM64.ActiveCfg = Release|Any CPU
		{DC0C6003-3C50-4D80-A123-FA6DE3423094}.Release|ARM64.Build.0 = Release|Any CPU
		{DC0C6003-3C50-4D80-A123-FA6DE3423094}.Release|x64.ActiveCfg = Release|Any CPU
		{DC0C6003-3C50-4D80-A123-FA6DE3423094}.Release|x64.Build.0 = Release|Any CPU
		{DC0C6003-3C50-4D80-A123-FA6DE3423094}.Release|x86.ActiveCfg = Release|Any CPU
		{DC0C6003-3C50-4D80-A123-FA6DE3423094}.Release|x86.Build.0 = Release|Any CPU
		{B75C51FF-79FB-4E47-B80C-FD88EE4824F0}.Debug|Any CPU.ActiveCfg = Debug|Any CPU
		{B75C51FF-79FB-4E47-B80C-FD88EE4824F0}.Debug|Any CPU.Build.0 = Debug|Any CPU
		{B75C51FF-79FB-4E47-B80C-FD88EE4824F0}.Debug|ARM.ActiveCfg = Debug|Any CPU
		{B75C51FF-79FB-4E47-B80C-FD88EE4824F0}.Debug|ARM.Build.0 = Debug|Any CPU
		{B75C51FF-79FB-4E47-B80C-FD88EE4824F0}.Debug|ARM64.ActiveCfg = Debug|Any CPU
		{B75C51FF-79FB-4E47-B80C-FD88EE4824F0}.Debug|ARM64.Build.0 = Debug|Any CPU
		{B75C51FF-79FB-4E47-B80C-FD88EE4824F0}.Debug|x64.ActiveCfg = Debug|Any CPU
		{B75C51FF-79FB-4E47-B80C-FD88EE4824F0}.Debug|x64.Build.0 = Debug|Any CPU
		{B75C51FF-79FB-4E47-B80C-FD88EE4824F0}.Debug|x86.ActiveCfg = Debug|Any CPU
		{B75C51FF-79FB-4E47-B80C-FD88EE4824F0}.Debug|x86.Build.0 = Debug|Any CPU
		{B75C51FF-79FB-4E47-B80C-FD88EE4824F0}.Release|Any CPU.ActiveCfg = Release|Any CPU
		{B75C51FF-79FB-4E47-B80C-FD88EE4824F0}.Release|Any CPU.Build.0 = Release|Any CPU
		{B75C51FF-79FB-4E47-B80C-FD88EE4824F0}.Release|ARM.ActiveCfg = Release|Any CPU
		{B75C51FF-79FB-4E47-B80C-FD88EE4824F0}.Release|ARM.Build.0 = Release|Any CPU
		{B75C51FF-79FB-4E47-B80C-FD88EE4824F0}.Release|ARM64.ActiveCfg = Release|Any CPU
		{B75C51FF-79FB-4E47-B80C-FD88EE4824F0}.Release|ARM64.Build.0 = Release|Any CPU
		{B75C51FF-79FB-4E47-B80C-FD88EE4824F0}.Release|x64.ActiveCfg = Release|Any CPU
		{B75C51FF-79FB-4E47-B80C-FD88EE4824F0}.Release|x64.Build.0 = Release|Any CPU
		{B75C51FF-79FB-4E47-B80C-FD88EE4824F0}.Release|x86.ActiveCfg = Release|Any CPU
		{B75C51FF-79FB-4E47-B80C-FD88EE4824F0}.Release|x86.Build.0 = Release|Any CPU
		{360BA5D9-B8E7-4379-8CEF-A5ACB3218B60}.Debug|Any CPU.ActiveCfg = Debug|Any CPU
		{360BA5D9-B8E7-4379-8CEF-A5ACB3218B60}.Debug|Any CPU.Build.0 = Debug|Any CPU
		{360BA5D9-B8E7-4379-8CEF-A5ACB3218B60}.Debug|ARM.ActiveCfg = Debug|Any CPU
		{360BA5D9-B8E7-4379-8CEF-A5ACB3218B60}.Debug|ARM.Build.0 = Debug|Any CPU
		{360BA5D9-B8E7-4379-8CEF-A5ACB3218B60}.Debug|ARM64.ActiveCfg = Debug|Any CPU
		{360BA5D9-B8E7-4379-8CEF-A5ACB3218B60}.Debug|ARM64.Build.0 = Debug|Any CPU
		{360BA5D9-B8E7-4379-8CEF-A5ACB3218B60}.Debug|x64.ActiveCfg = Debug|Any CPU
		{360BA5D9-B8E7-4379-8CEF-A5ACB3218B60}.Debug|x64.Build.0 = Debug|Any CPU
		{360BA5D9-B8E7-4379-8CEF-A5ACB3218B60}.Debug|x86.ActiveCfg = Debug|Any CPU
		{360BA5D9-B8E7-4379-8CEF-A5ACB3218B60}.Debug|x86.Build.0 = Debug|Any CPU
		{360BA5D9-B8E7-4379-8CEF-A5ACB3218B60}.Release|Any CPU.ActiveCfg = Release|Any CPU
		{360BA5D9-B8E7-4379-8CEF-A5ACB3218B60}.Release|Any CPU.Build.0 = Release|Any CPU
		{360BA5D9-B8E7-4379-8CEF-A5ACB3218B60}.Release|ARM.ActiveCfg = Release|Any CPU
		{360BA5D9-B8E7-4379-8CEF-A5ACB3218B60}.Release|ARM.Build.0 = Release|Any CPU
		{360BA5D9-B8E7-4379-8CEF-A5ACB3218B60}.Release|ARM64.ActiveCfg = Release|Any CPU
		{360BA5D9-B8E7-4379-8CEF-A5ACB3218B60}.Release|ARM64.Build.0 = Release|Any CPU
		{360BA5D9-B8E7-4379-8CEF-A5ACB3218B60}.Release|x64.ActiveCfg = Release|Any CPU
		{360BA5D9-B8E7-4379-8CEF-A5ACB3218B60}.Release|x64.Build.0 = Release|Any CPU
		{360BA5D9-B8E7-4379-8CEF-A5ACB3218B60}.Release|x86.ActiveCfg = Release|Any CPU
		{360BA5D9-B8E7-4379-8CEF-A5ACB3218B60}.Release|x86.Build.0 = Release|Any CPU
		{511ADE4D-DE82-40C9-9679-AEF3779C95D7}.Debug|Any CPU.ActiveCfg = Debug|Any CPU
		{511ADE4D-DE82-40C9-9679-AEF3779C95D7}.Debug|Any CPU.Build.0 = Debug|Any CPU
		{511ADE4D-DE82-40C9-9679-AEF3779C95D7}.Debug|ARM.ActiveCfg = Debug|Any CPU
		{511ADE4D-DE82-40C9-9679-AEF3779C95D7}.Debug|ARM.Build.0 = Debug|Any CPU
		{511ADE4D-DE82-40C9-9679-AEF3779C95D7}.Debug|ARM64.ActiveCfg = Debug|Any CPU
		{511ADE4D-DE82-40C9-9679-AEF3779C95D7}.Debug|ARM64.Build.0 = Debug|Any CPU
		{511ADE4D-DE82-40C9-9679-AEF3779C95D7}.Debug|x64.ActiveCfg = Debug|Any CPU
		{511ADE4D-DE82-40C9-9679-AEF3779C95D7}.Debug|x64.Build.0 = Debug|Any CPU
		{511ADE4D-DE82-40C9-9679-AEF3779C95D7}.Debug|x86.ActiveCfg = Debug|Any CPU
		{511ADE4D-DE82-40C9-9679-AEF3779C95D7}.Debug|x86.Build.0 = Debug|Any CPU
		{511ADE4D-DE82-40C9-9679-AEF3779C95D7}.Release|Any CPU.ActiveCfg = Release|Any CPU
		{511ADE4D-DE82-40C9-9679-AEF3779C95D7}.Release|Any CPU.Build.0 = Release|Any CPU
		{511ADE4D-DE82-40C9-9679-AEF3779C95D7}.Release|ARM.ActiveCfg = Release|Any CPU
		{511ADE4D-DE82-40C9-9679-AEF3779C95D7}.Release|ARM.Build.0 = Release|Any CPU
		{511ADE4D-DE82-40C9-9679-AEF3779C95D7}.Release|ARM64.ActiveCfg = Release|Any CPU
		{511ADE4D-DE82-40C9-9679-AEF3779C95D7}.Release|ARM64.Build.0 = Release|Any CPU
		{511ADE4D-DE82-40C9-9679-AEF3779C95D7}.Release|x64.ActiveCfg = Release|Any CPU
		{511ADE4D-DE82-40C9-9679-AEF3779C95D7}.Release|x64.Build.0 = Release|Any CPU
		{511ADE4D-DE82-40C9-9679-AEF3779C95D7}.Release|x86.ActiveCfg = Release|Any CPU
		{511ADE4D-DE82-40C9-9679-AEF3779C95D7}.Release|x86.Build.0 = Release|Any CPU
		{779BA809-C07F-4591-8450-C7EB77137874}.Debug|Any CPU.ActiveCfg = Debug|Any CPU
		{779BA809-C07F-4591-8450-C7EB77137874}.Debug|Any CPU.Build.0 = Debug|Any CPU
		{779BA809-C07F-4591-8450-C7EB77137874}.Debug|ARM.ActiveCfg = Debug|Any CPU
		{779BA809-C07F-4591-8450-C7EB77137874}.Debug|ARM.Build.0 = Debug|Any CPU
		{779BA809-C07F-4591-8450-C7EB77137874}.Debug|ARM64.ActiveCfg = Debug|Any CPU
		{779BA809-C07F-4591-8450-C7EB77137874}.Debug|ARM64.Build.0 = Debug|Any CPU
		{779BA809-C07F-4591-8450-C7EB77137874}.Debug|x64.ActiveCfg = Debug|Any CPU
		{779BA809-C07F-4591-8450-C7EB77137874}.Debug|x64.Build.0 = Debug|Any CPU
		{779BA809-C07F-4591-8450-C7EB77137874}.Debug|x86.ActiveCfg = Debug|Any CPU
		{779BA809-C07F-4591-8450-C7EB77137874}.Debug|x86.Build.0 = Debug|Any CPU
		{779BA809-C07F-4591-8450-C7EB77137874}.Release|Any CPU.ActiveCfg = Release|Any CPU
		{779BA809-C07F-4591-8450-C7EB77137874}.Release|Any CPU.Build.0 = Release|Any CPU
		{779BA809-C07F-4591-8450-C7EB77137874}.Release|ARM.ActiveCfg = Release|Any CPU
		{779BA809-C07F-4591-8450-C7EB77137874}.Release|ARM.Build.0 = Release|Any CPU
		{779BA809-C07F-4591-8450-C7EB77137874}.Release|ARM64.ActiveCfg = Release|Any CPU
		{779BA809-C07F-4591-8450-C7EB77137874}.Release|ARM64.Build.0 = Release|Any CPU
		{779BA809-C07F-4591-8450-C7EB77137874}.Release|x64.ActiveCfg = Release|Any CPU
		{779BA809-C07F-4591-8450-C7EB77137874}.Release|x64.Build.0 = Release|Any CPU
		{779BA809-C07F-4591-8450-C7EB77137874}.Release|x86.ActiveCfg = Release|Any CPU
		{779BA809-C07F-4591-8450-C7EB77137874}.Release|x86.Build.0 = Release|Any CPU
		{A6E92A9C-4482-498E-BFE0-642DB4D3B7D9}.Debug|Any CPU.ActiveCfg = Debug|Any CPU
		{A6E92A9C-4482-498E-BFE0-642DB4D3B7D9}.Debug|Any CPU.Build.0 = Debug|Any CPU
		{A6E92A9C-4482-498E-BFE0-642DB4D3B7D9}.Debug|ARM.ActiveCfg = Debug|Any CPU
		{A6E92A9C-4482-498E-BFE0-642DB4D3B7D9}.Debug|ARM.Build.0 = Debug|Any CPU
		{A6E92A9C-4482-498E-BFE0-642DB4D3B7D9}.Debug|ARM64.ActiveCfg = Debug|Any CPU
		{A6E92A9C-4482-498E-BFE0-642DB4D3B7D9}.Debug|ARM64.Build.0 = Debug|Any CPU
		{A6E92A9C-4482-498E-BFE0-642DB4D3B7D9}.Debug|x64.ActiveCfg = Debug|Any CPU
		{A6E92A9C-4482-498E-BFE0-642DB4D3B7D9}.Debug|x64.Build.0 = Debug|Any CPU
		{A6E92A9C-4482-498E-BFE0-642DB4D3B7D9}.Debug|x86.ActiveCfg = Debug|Any CPU
		{A6E92A9C-4482-498E-BFE0-642DB4D3B7D9}.Debug|x86.Build.0 = Debug|Any CPU
		{A6E92A9C-4482-498E-BFE0-642DB4D3B7D9}.Release|Any CPU.ActiveCfg = Release|Any CPU
		{A6E92A9C-4482-498E-BFE0-642DB4D3B7D9}.Release|Any CPU.Build.0 = Release|Any CPU
		{A6E92A9C-4482-498E-BFE0-642DB4D3B7D9}.Release|ARM.ActiveCfg = Release|Any CPU
		{A6E92A9C-4482-498E-BFE0-642DB4D3B7D9}.Release|ARM.Build.0 = Release|Any CPU
		{A6E92A9C-4482-498E-BFE0-642DB4D3B7D9}.Release|ARM64.ActiveCfg = Release|Any CPU
		{A6E92A9C-4482-498E-BFE0-642DB4D3B7D9}.Release|ARM64.Build.0 = Release|Any CPU
		{A6E92A9C-4482-498E-BFE0-642DB4D3B7D9}.Release|x64.ActiveCfg = Release|Any CPU
		{A6E92A9C-4482-498E-BFE0-642DB4D3B7D9}.Release|x64.Build.0 = Release|Any CPU
		{A6E92A9C-4482-498E-BFE0-642DB4D3B7D9}.Release|x86.ActiveCfg = Release|Any CPU
		{A6E92A9C-4482-498E-BFE0-642DB4D3B7D9}.Release|x86.Build.0 = Release|Any CPU
	EndGlobalSection
	GlobalSection(SolutionProperties) = preSolution
		HideSolutionNode = FALSE
	EndGlobalSection
	GlobalSection(NestedProjects) = preSolution
		{52C6CFB9-F94E-4533-A46B-DA6AAB51C8A1} = {00F65A8B-9BDA-4E4A-8695-7351C01C0485}
		{DC0C6003-3C50-4D80-A123-FA6DE3423094} = {00F65A8B-9BDA-4E4A-8695-7351C01C0485}
	EndGlobalSection
	GlobalSection(ExtensibilityGlobals) = postSolution
		SolutionGuid = {44EA5564-CEEB-47FD-B807-F19770FEF8BC}
	EndGlobalSection
EndGlobal
