
Microsoft Visual Studio Solution File, Format Version 12.00
# Visual Studio Version 16
VisualStudioVersion = 16.0.28803.202
MinimumVisualStudioVersion = 10.0.40219.1
Project("{9A19103F-16F7-4668-BE54-9A1E7A4F7556}") = "RealtimeSearch", "RealtimeSearch\RealtimeSearch.csproj", "{488DD86A-CA8C-4CEC-9FB1-ECD8CD77EFED}"
EndProject
Project("{2150E333-8FDC-42A3-9474-1A3956D46DE8}") = "Solution Items", "Solution Items", "{B8DBFF8D-3CC0-46A5-BF85-191DC09AF068}"
	ProjectSection(SolutionItems) = preProject
		LICENSE.md = LICENSE.md
		README.md = README.md
		THIRDPARTY_LICENSES.md = THIRDPARTY_LICENSES.md
	EndProjectSection
EndProject
Project("{9A19103F-16F7-4668-BE54-9A1E7A4F7556}") = "NeeLaboratory.IO.Search", "NeeLaboratory.IO.Search\NeeLaboratory.IO.Search\NeeLaboratory.IO.Search.csproj", "{F8053574-48A7-4D8D-A55E-63C26D01E519}"
EndProject
Global
	GlobalSection(SolutionConfigurationPlatforms) = preSolution
		Debug|Any CPU = Debug|Any CPU
		Debug|x64 = Debug|x64
		Debug|x86 = Debug|x86
		Release|Any CPU = Release|Any CPU
		Release|x64 = Release|x64
		Release|x86 = Release|x86
	EndGlobalSection
	GlobalSection(ProjectConfigurationPlatforms) = postSolution
		{488DD86A-CA8C-4CEC-9FB1-ECD8CD77EFED}.Debug|Any CPU.ActiveCfg = Debug|Any CPU
		{488DD86A-CA8C-4CEC-9FB1-ECD8CD77EFED}.Debug|Any CPU.Build.0 = Debug|Any CPU
		{488DD86A-CA8C-4CEC-9FB1-ECD8CD77EFED}.Debug|x64.ActiveCfg = Debug|x64
		{488DD86A-CA8C-4CEC-9FB1-ECD8CD77EFED}.Debug|x64.Build.0 = Debug|x64
		{488DD86A-CA8C-4CEC-9FB1-ECD8CD77EFED}.Debug|x86.ActiveCfg = Debug|x86
		{488DD86A-CA8C-4CEC-9FB1-ECD8CD77EFED}.Debug|x86.Build.0 = Debug|x86
		{488DD86A-CA8C-4CEC-9FB1-ECD8CD77EFED}.Release|Any CPU.ActiveCfg = Release|Any CPU
		{488DD86A-CA8C-4CEC-9FB1-ECD8CD77EFED}.Release|Any CPU.Build.0 = Release|Any CPU
		{488DD86A-CA8C-4CEC-9FB1-ECD8CD77EFED}.Release|x64.ActiveCfg = Release|x64
		{488DD86A-CA8C-4CEC-9FB1-ECD8CD77EFED}.Release|x64.Build.0 = Release|x64
		{488DD86A-CA8C-4CEC-9FB1-ECD8CD77EFED}.Release|x86.ActiveCfg = Release|x86
		{488DD86A-CA8C-4CEC-9FB1-ECD8CD77EFED}.Release|x86.Build.0 = Release|x86
		{F8053574-48A7-4D8D-A55E-63C26D01E519}.Debug|Any CPU.ActiveCfg = Debug|Any CPU
		{F8053574-48A7-4D8D-A55E-63C26D01E519}.Debug|Any CPU.Build.0 = Debug|Any CPU
		{F8053574-48A7-4D8D-A55E-63C26D01E519}.Debug|x64.ActiveCfg = Debug|x64
		{F8053574-48A7-4D8D-A55E-63C26D01E519}.Debug|x64.Build.0 = Debug|x64
		{F8053574-48A7-4D8D-A55E-63C26D01E519}.Debug|x86.ActiveCfg = Debug|x86
		{F8053574-48A7-4D8D-A55E-63C26D01E519}.Debug|x86.Build.0 = Debug|x86
		{F8053574-48A7-4D8D-A55E-63C26D01E519}.Release|Any CPU.ActiveCfg = Release|Any CPU
		{F8053574-48A7-4D8D-A55E-63C26D01E519}.Release|Any CPU.Build.0 = Release|Any CPU
		{F8053574-48A7-4D8D-A55E-63C26D01E519}.Release|x64.ActiveCfg = Release|x64
		{F8053574-48A7-4D8D-A55E-63C26D01E519}.Release|x64.Build.0 = Release|x64
		{F8053574-48A7-4D8D-A55E-63C26D01E519}.Release|x86.ActiveCfg = Release|x86
		{F8053574-48A7-4D8D-A55E-63C26D01E519}.Release|x86.Build.0 = Release|x86
	EndGlobalSection
	GlobalSection(SolutionProperties) = preSolution
		HideSolutionNode = FALSE
	EndGlobalSection
	GlobalSection(ExtensibilityGlobals) = postSolution
		SolutionGuid = {44EA5564-CEEB-47FD-B807-F19770FEF8BC}
	EndGlobalSection
EndGlobal
